
Microsoft Visual Studio Solution File, Format Version 12.00
# Visual Studio 14
VisualStudioVersion = 14.0.25420.1
MinimumVisualStudioVersion = 10.0.40219.1
Project("{8BC9CEB8-8B4A-11D0-8D11-00A0C91BC942}") = "writer", "..\test\DataStorm\api\msbuild\writer\writer.vcxproj", "{85F74421-2B78-448B-91F0-496526EB365F}"
EndProject
Project("{2150E333-8FDC-42A3-9474-1A3956D46DE8}") = "api", "api", "{E881759C-6D5A-45E2-B8FA-0289057BCE85}"
EndProject
Project("{2150E333-8FDC-42A3-9474-1A3956D46DE8}") = "config", "config", "{2D525990-B2E0-4F17-A0BF-493F51F4CFED}"
EndProject
Project("{8BC9CEB8-8B4A-11D0-8D11-00A0C91BC942}") = "reader", "..\test\DataStorm\config\msbuild\reader\reader.vcxproj", "{735292B7-70CB-43B2-B7BB-D123B7497CC7}"
EndProject
Project("{8BC9CEB8-8B4A-11D0-8D11-00A0C91BC942}") = "writer", "..\test\DataStorm\config\msbuild\writer\writer.vcxproj", "{1C5D0A06-731C-4FBB-8250-0B09E7D5BF55}"
EndProject
Project("{2150E333-8FDC-42A3-9474-1A3956D46DE8}") = "reliability", "reliability", "{E1E94DB0-67AD-4DF9-AA0E-0024DADD0FB6}"
EndProject
Project("{8BC9CEB8-8B4A-11D0-8D11-00A0C91BC942}") = "reader", "..\test\DataStorm\reliability\msbuild\reader\reader.vcxproj", "{18B9E886-A355-4CCC-8E27-84900C516DA8}"
EndProject
Project("{8BC9CEB8-8B4A-11D0-8D11-00A0C91BC942}") = "writer", "..\test\DataStorm\reliability\msbuild\writer\writer.vcxproj", "{71A33CBC-71F6-434B-BB90-620710269310}"
EndProject
Project("{2150E333-8FDC-42A3-9474-1A3956D46DE8}") = "events", "events", "{8A76363E-2F38-48E4-B0EB-D1E436AD518D}"
EndProject
Project("{8BC9CEB8-8B4A-11D0-8D11-00A0C91BC942}") = "reader", "..\test\DataStorm\events\msbuild\reader\reader.vcxproj", "{5EE1FFB1-A9CF-4737-A1FA-575B51F8AE00}"
EndProject
Project("{8BC9CEB8-8B4A-11D0-8D11-00A0C91BC942}") = "writer", "..\test\DataStorm\events\msbuild\writer\writer.vcxproj", "{A368BD9C-2CBC-4302-9A7F-C96BA11D62BB}"
EndProject
Project("{2150E333-8FDC-42A3-9474-1A3956D46DE8}") = "types", "types", "{189BC0AB-F288-4C54-9411-F61D76137431}"
EndProject
Project("{2150E333-8FDC-42A3-9474-1A3956D46DE8}") = "partial", "partial", "{0B79487F-C73A-4705-A373-DE6753667AB4}"
EndProject
Project("{8BC9CEB8-8B4A-11D0-8D11-00A0C91BC942}") = "reader", "..\test\DataStorm\partial\msbuild\reader\reader.vcxproj", "{3EAAF1DE-8673-4D16-AA36-F522C5C21F79}"
EndProject
Project("{8BC9CEB8-8B4A-11D0-8D11-00A0C91BC942}") = "writer", "..\test\DataStorm\partial\msbuild\writer\writer.vcxproj", "{71506AF2-B7C4-48D7-AE6E-4ADA8B72A87C}"
EndProject
Project("{8BC9CEB8-8B4A-11D0-8D11-00A0C91BC942}") = "reader", "..\test\DataStorm\types\msbuild\reader\reader.vcxproj", "{924B7545-4B49-41E6-9FAC-30F7BAB7A518}"
EndProject
Project("{8BC9CEB8-8B4A-11D0-8D11-00A0C91BC942}") = "writer", "..\test\DataStorm\types\msbuild\writer\writer.vcxproj", "{6CFEBEB6-88C6-4A41-847E-E02CFDCD12C8}"
EndProject
Global
	GlobalSection(SolutionConfigurationPlatforms) = preSolution
		Debug|Win32 = Debug|Win32
		Debug|x64 = Debug|x64
		Release|Win32 = Release|Win32
		Release|x64 = Release|x64
	EndGlobalSection
	GlobalSection(ProjectConfigurationPlatforms) = postSolution
		{85F74421-2B78-448B-91F0-496526EB365F}.Debug|Win32.ActiveCfg = Debug|Win32
		{85F74421-2B78-448B-91F0-496526EB365F}.Debug|Win32.Build.0 = Debug|Win32
		{85F74421-2B78-448B-91F0-496526EB365F}.Debug|x64.ActiveCfg = Debug|x64
		{85F74421-2B78-448B-91F0-496526EB365F}.Debug|x64.Build.0 = Debug|x64
		{85F74421-2B78-448B-91F0-496526EB365F}.Release|Win32.ActiveCfg = Release|Win32
		{85F74421-2B78-448B-91F0-496526EB365F}.Release|Win32.Build.0 = Release|Win32
		{85F74421-2B78-448B-91F0-496526EB365F}.Release|x64.ActiveCfg = Release|x64
		{85F74421-2B78-448B-91F0-496526EB365F}.Release|x64.Build.0 = Release|x64
		{735292B7-70CB-43B2-B7BB-D123B7497CC7}.Debug|Win32.ActiveCfg = Debug|Win32
		{735292B7-70CB-43B2-B7BB-D123B7497CC7}.Debug|Win32.Build.0 = Debug|Win32
		{735292B7-70CB-43B2-B7BB-D123B7497CC7}.Debug|x64.ActiveCfg = Debug|x64
		{735292B7-70CB-43B2-B7BB-D123B7497CC7}.Debug|x64.Build.0 = Debug|x64
		{735292B7-70CB-43B2-B7BB-D123B7497CC7}.Release|Win32.ActiveCfg = Release|Win32
		{735292B7-70CB-43B2-B7BB-D123B7497CC7}.Release|Win32.Build.0 = Release|Win32
		{735292B7-70CB-43B2-B7BB-D123B7497CC7}.Release|x64.ActiveCfg = Release|x64
		{735292B7-70CB-43B2-B7BB-D123B7497CC7}.Release|x64.Build.0 = Release|x64
		{1C5D0A06-731C-4FBB-8250-0B09E7D5BF55}.Debug|Win32.ActiveCfg = Debug|Win32
		{1C5D0A06-731C-4FBB-8250-0B09E7D5BF55}.Debug|Win32.Build.0 = Debug|Win32
		{1C5D0A06-731C-4FBB-8250-0B09E7D5BF55}.Debug|x64.ActiveCfg = Debug|x64
		{1C5D0A06-731C-4FBB-8250-0B09E7D5BF55}.Debug|x64.Build.0 = Debug|x64
		{1C5D0A06-731C-4FBB-8250-0B09E7D5BF55}.Release|Win32.ActiveCfg = Release|Win32
		{1C5D0A06-731C-4FBB-8250-0B09E7D5BF55}.Release|Win32.Build.0 = Release|Win32
		{1C5D0A06-731C-4FBB-8250-0B09E7D5BF55}.Release|x64.ActiveCfg = Release|x64
		{1C5D0A06-731C-4FBB-8250-0B09E7D5BF55}.Release|x64.Build.0 = Release|x64
		{18B9E886-A355-4CCC-8E27-84900C516DA8}.Debug|Win32.ActiveCfg = Debug|Win32
		{18B9E886-A355-4CCC-8E27-84900C516DA8}.Debug|Win32.Build.0 = Debug|Win32
		{18B9E886-A355-4CCC-8E27-84900C516DA8}.Debug|x64.ActiveCfg = Debug|x64
		{18B9E886-A355-4CCC-8E27-84900C516DA8}.Debug|x64.Build.0 = Debug|x64
		{18B9E886-A355-4CCC-8E27-84900C516DA8}.Release|Win32.ActiveCfg = Release|Win32
		{18B9E886-A355-4CCC-8E27-84900C516DA8}.Release|Win32.Build.0 = Release|Win32
		{18B9E886-A355-4CCC-8E27-84900C516DA8}.Release|x64.ActiveCfg = Release|x64
		{18B9E886-A355-4CCC-8E27-84900C516DA8}.Release|x64.Build.0 = Release|x64
		{71A33CBC-71F6-434B-BB90-620710269310}.Debug|Win32.ActiveCfg = Debug|Win32
		{71A33CBC-71F6-434B-BB90-620710269310}.Debug|Win32.Build.0 = Debug|Win32
		{71A33CBC-71F6-434B-BB90-620710269310}.Debug|x64.ActiveCfg = Debug|x64
		{71A33CBC-71F6-434B-BB90-620710269310}.Debug|x64.Build.0 = Debug|x64
		{71A33CBC-71F6-434B-BB90-620710269310}.Release|Win32.ActiveCfg = Release|Win32
		{71A33CBC-71F6-434B-BB90-620710269310}.Release|Win32.Build.0 = Release|Win32
		{71A33CBC-71F6-434B-BB90-620710269310}.Release|x64.ActiveCfg = Release|x64
		{71A33CBC-71F6-434B-BB90-620710269310}.Release|x64.Build.0 = Release|x64
		{5EE1FFB1-A9CF-4737-A1FA-575B51F8AE00}.Debug|Win32.ActiveCfg = Debug|Win32
		{5EE1FFB1-A9CF-4737-A1FA-575B51F8AE00}.Debug|Win32.Build.0 = Debug|Win32
		{5EE1FFB1-A9CF-4737-A1FA-575B51F8AE00}.Debug|x64.ActiveCfg = Debug|x64
		{5EE1FFB1-A9CF-4737-A1FA-575B51F8AE00}.Debug|x64.Build.0 = Debug|x64
		{5EE1FFB1-A9CF-4737-A1FA-575B51F8AE00}.Release|Win32.ActiveCfg = Release|Win32
		{5EE1FFB1-A9CF-4737-A1FA-575B51F8AE00}.Release|Win32.Build.0 = Release|Win32
		{5EE1FFB1-A9CF-4737-A1FA-575B51F8AE00}.Release|x64.ActiveCfg = Release|x64
		{5EE1FFB1-A9CF-4737-A1FA-575B51F8AE00}.Release|x64.Build.0 = Release|x64
		{A368BD9C-2CBC-4302-9A7F-C96BA11D62BB}.Debug|Win32.ActiveCfg = Debug|Win32
		{A368BD9C-2CBC-4302-9A7F-C96BA11D62BB}.Debug|Win32.Build.0 = Debug|Win32
		{A368BD9C-2CBC-4302-9A7F-C96BA11D62BB}.Debug|x64.ActiveCfg = Debug|x64
		{A368BD9C-2CBC-4302-9A7F-C96BA11D62BB}.Debug|x64.Build.0 = Debug|x64
		{A368BD9C-2CBC-4302-9A7F-C96BA11D62BB}.Release|Win32.ActiveCfg = Release|Win32
		{A368BD9C-2CBC-4302-9A7F-C96BA11D62BB}.Release|Win32.Build.0 = Release|Win32
		{A368BD9C-2CBC-4302-9A7F-C96BA11D62BB}.Release|x64.ActiveCfg = Release|x64
		{A368BD9C-2CBC-4302-9A7F-C96BA11D62BB}.Release|x64.Build.0 = Release|x64
		{3EAAF1DE-8673-4D16-AA36-F522C5C21F79}.Debug|Win32.ActiveCfg = Debug|Win32
		{3EAAF1DE-8673-4D16-AA36-F522C5C21F79}.Debug|Win32.Build.0 = Debug|Win32
		{3EAAF1DE-8673-4D16-AA36-F522C5C21F79}.Debug|x64.ActiveCfg = Debug|x64
		{3EAAF1DE-8673-4D16-AA36-F522C5C21F79}.Debug|x64.Build.0 = Debug|x64
		{3EAAF1DE-8673-4D16-AA36-F522C5C21F79}.Release|Win32.ActiveCfg = Release|Win32
		{3EAAF1DE-8673-4D16-AA36-F522C5C21F79}.Release|Win32.Build.0 = Release|Win32
		{3EAAF1DE-8673-4D16-AA36-F522C5C21F79}.Release|x64.ActiveCfg = Release|x64
		{3EAAF1DE-8673-4D16-AA36-F522C5C21F79}.Release|x64.Build.0 = Release|x64
		{71506AF2-B7C4-48D7-AE6E-4ADA8B72A87C}.Debug|Win32.ActiveCfg = Debug|Win32
		{71506AF2-B7C4-48D7-AE6E-4ADA8B72A87C}.Debug|Win32.Build.0 = Debug|Win32
		{71506AF2-B7C4-48D7-AE6E-4ADA8B72A87C}.Debug|x64.ActiveCfg = Debug|x64
		{71506AF2-B7C4-48D7-AE6E-4ADA8B72A87C}.Debug|x64.Build.0 = Debug|x64
		{71506AF2-B7C4-48D7-AE6E-4ADA8B72A87C}.Release|Win32.ActiveCfg = Release|Win32
		{71506AF2-B7C4-48D7-AE6E-4ADA8B72A87C}.Release|Win32.Build.0 = Release|Win32
		{71506AF2-B7C4-48D7-AE6E-4ADA8B72A87C}.Release|x64.ActiveCfg = Release|x64
		{71506AF2-B7C4-48D7-AE6E-4ADA8B72A87C}.Release|x64.Build.0 = Release|x64
		{924B7545-4B49-41E6-9FAC-30F7BAB7A518}.Debug|Win32.ActiveCfg = Debug|Win32
		{924B7545-4B49-41E6-9FAC-30F7BAB7A518}.Debug|Win32.Build.0 = Debug|Win32
		{924B7545-4B49-41E6-9FAC-30F7BAB7A518}.Debug|x64.ActiveCfg = Debug|x64
		{924B7545-4B49-41E6-9FAC-30F7BAB7A518}.Debug|x64.Build.0 = Debug|x64
		{924B7545-4B49-41E6-9FAC-30F7BAB7A518}.Release|Win32.ActiveCfg = Release|Win32
		{924B7545-4B49-41E6-9FAC-30F7BAB7A518}.Release|Win32.Build.0 = Release|Win32
		{924B7545-4B49-41E6-9FAC-30F7BAB7A518}.Release|x64.ActiveCfg = Release|x64
		{924B7545-4B49-41E6-9FAC-30F7BAB7A518}.Release|x64.Build.0 = Release|x64
		{6CFEBEB6-88C6-4A41-847E-E02CFDCD12C8}.Debug|Win32.ActiveCfg = Debug|Win32
		{6CFEBEB6-88C6-4A41-847E-E02CFDCD12C8}.Debug|Win32.Build.0 = Debug|Win32
		{6CFEBEB6-88C6-4A41-847E-E02CFDCD12C8}.Debug|x64.ActiveCfg = Debug|x64
		{6CFEBEB6-88C6-4A41-847E-E02CFDCD12C8}.Debug|x64.Build.0 = Debug|x64
		{6CFEBEB6-88C6-4A41-847E-E02CFDCD12C8}.Release|Win32.ActiveCfg = Release|Win32
		{6CFEBEB6-88C6-4A41-847E-E02CFDCD12C8}.Release|Win32.Build.0 = Release|Win32
		{6CFEBEB6-88C6-4A41-847E-E02CFDCD12C8}.Release|x64.ActiveCfg = Release|x64
		{6CFEBEB6-88C6-4A41-847E-E02CFDCD12C8}.Release|x64.Build.0 = Release|x64
	EndGlobalSection
	GlobalSection(SolutionProperties) = preSolution
		HideSolutionNode = FALSE
	EndGlobalSection
	GlobalSection(NestedProjects) = preSolution
		{85F74421-2B78-448B-91F0-496526EB365F} = {E881759C-6D5A-45E2-B8FA-0289057BCE85}
		{735292B7-70CB-43B2-B7BB-D123B7497CC7} = {2D525990-B2E0-4F17-A0BF-493F51F4CFED}
		{1C5D0A06-731C-4FBB-8250-0B09E7D5BF55} = {2D525990-B2E0-4F17-A0BF-493F51F4CFED}
		{18B9E886-A355-4CCC-8E27-84900C516DA8} = {E1E94DB0-67AD-4DF9-AA0E-0024DADD0FB6}
		{71A33CBC-71F6-434B-BB90-620710269310} = {E1E94DB0-67AD-4DF9-AA0E-0024DADD0FB6}
		{5EE1FFB1-A9CF-4737-A1FA-575B51F8AE00} = {8A76363E-2F38-48E4-B0EB-D1E436AD518D}
		{A368BD9C-2CBC-4302-9A7F-C96BA11D62BB} = {8A76363E-2F38-48E4-B0EB-D1E436AD518D}
		{3EAAF1DE-8673-4D16-AA36-F522C5C21F79} = {0B79487F-C73A-4705-A373-DE6753667AB4}
		{71506AF2-B7C4-48D7-AE6E-4ADA8B72A87C} = {0B79487F-C73A-4705-A373-DE6753667AB4}
		{924B7545-4B49-41E6-9FAC-30F7BAB7A518} = {189BC0AB-F288-4C54-9411-F61D76137431}
		{6CFEBEB6-88C6-4A41-847E-E02CFDCD12C8} = {189BC0AB-F288-4C54-9411-F61D76137431}
	EndGlobalSection
EndGlobal
